// !$*UTF8*$!
{
	archiveVersion = 1;
	classes = {
	};
	objectVersion = 50;
	objects = {

/* Begin PBXBuildFile section */
		12418D14251443F10045DE09 /* AppDelegate.swift in Sources */ = {isa = PBXBuildFile; fileRef = 12418D13251443F10045DE09 /* AppDelegate.swift */; };
		12418D16251443F10045DE09 /* SceneDelegate.swift in Sources */ = {isa = PBXBuildFile; fileRef = 12418D15251443F10045DE09 /* SceneDelegate.swift */; };
		12418D18251443F10045DE09 /* ViewController.swift in Sources */ = {isa = PBXBuildFile; fileRef = 12418D17251443F10045DE09 /* ViewController.swift */; };
		12418D1B251443F10045DE09 /* Main.storyboard in Resources */ = {isa = PBXBuildFile; fileRef = 12418D19251443F10045DE09 /* Main.storyboard */; };
		12418D1D251443F40045DE09 /* Assets.xcassets in Resources */ = {isa = PBXBuildFile; fileRef = 12418D1C251443F40045DE09 /* Assets.xcassets */; };
		12418D20251443F40045DE09 /* LaunchScreen.storyboard in Resources */ = {isa = PBXBuildFile; fileRef = 12418D1E251443F40045DE09 /* LaunchScreen.storyboard */; };
		12418D2B251443F40045DE09 /* NIBM_COVID_19Tests.swift in Sources */ = {isa = PBXBuildFile; fileRef = 12418D2A251443F40045DE09 /* NIBM_COVID_19Tests.swift */; };
		12418D36251443F40045DE09 /* NIBM_COVID_19UITests.swift in Sources */ = {isa = PBXBuildFile; fileRef = 12418D35251443F40045DE09 /* NIBM_COVID_19UITests.swift */; };
		12418D442514810B0045DE09 /* LoginViewController.swift in Sources */ = {isa = PBXBuildFile; fileRef = 12418D432514810B0045DE09 /* LoginViewController.swift */; };
		12418D4625148CA70045DE09 /* RegisterViewController.swift in Sources */ = {isa = PBXBuildFile; fileRef = 12418D4525148CA70045DE09 /* RegisterViewController.swift */; };
		12418D482514BBC10045DE09 /* HomeViewController.swift in Sources */ = {isa = PBXBuildFile; fileRef = 12418D472514BBC10045DE09 /* HomeViewController.swift */; };
		12D98B1E2515B9B7008C6590 /* SafeActionsViewController.swift in Sources */ = {isa = PBXBuildFile; fileRef = 12D98B1D2515B9B7008C6590 /* SafeActionsViewController.swift */; };
		12D98B202515C2C8008C6590 /* FirstSafeActionViewController.swift in Sources */ = {isa = PBXBuildFile; fileRef = 12D98B1F2515C2C8008C6590 /* FirstSafeActionViewController.swift */; };
		12D98B222515C3C0008C6590 /* SecondSafeActionViewController.swift in Sources */ = {isa = PBXBuildFile; fileRef = 12D98B212515C3C0008C6590 /* SecondSafeActionViewController.swift */; };
		12D98B242515C815008C6590 /* ThirdSafeActionViewController.swift in Sources */ = {isa = PBXBuildFile; fileRef = 12D98B232515C815008C6590 /* ThirdSafeActionViewController.swift */; };
		12D98B262515C831008C6590 /* FourthSafeActionViewController.swift in Sources */ = {isa = PBXBuildFile; fileRef = 12D98B252515C831008C6590 /* FourthSafeActionViewController.swift */; };
		12D98B282515C851008C6590 /* FifthSafeActionViewController.swift in Sources */ = {isa = PBXBuildFile; fileRef = 12D98B272515C851008C6590 /* FifthSafeActionViewController.swift */; };
		12D98B2A2515D285008C6590 /* FinalViewController.swift in Sources */ = {isa = PBXBuildFile; fileRef = 12D98B292515D285008C6590 /* FinalViewController.swift */; };
		12D98B2C2515D3DD008C6590 /* MapViewController.swift in Sources */ = {isa = PBXBuildFile; fileRef = 12D98B2B2515D3DD008C6590 /* MapViewController.swift */; };
/* End PBXBuildFile section */

/* Begin PBXContainerItemProxy section */
		12418D27251443F40045DE09 /* PBXContainerItemProxy */ = {
			isa = PBXContainerItemProxy;
			containerPortal = 12418D08251443F10045DE09 /* Project object */;
			proxyType = 1;
			remoteGlobalIDString = 12418D0F251443F10045DE09;
			remoteInfo = "NIBM COVID 19";
		};
		12418D32251443F40045DE09 /* PBXContainerItemProxy */ = {
			isa = PBXContainerItemProxy;
			containerPortal = 12418D08251443F10045DE09 /* Project object */;
			proxyType = 1;
			remoteGlobalIDString = 12418D0F251443F10045DE09;
			remoteInfo = "NIBM COVID 19";
		};
/* End PBXContainerItemProxy section */

/* Begin PBXFileReference section */
		12418D10251443F10045DE09 /* NIBM COVID 19.app */ = {isa = PBXFileReference; explicitFileType = wrapper.application; includeInIndex = 0; path = "NIBM COVID 19.app"; sourceTree = BUILT_PRODUCTS_DIR; };
		12418D13251443F10045DE09 /* AppDelegate.swift */ = {isa = PBXFileReference; lastKnownFileType = sourcecode.swift; path = AppDelegate.swift; sourceTree = "<group>"; };
		12418D15251443F10045DE09 /* SceneDelegate.swift */ = {isa = PBXFileReference; lastKnownFileType = sourcecode.swift; path = SceneDelegate.swift; sourceTree = "<group>"; };
		12418D17251443F10045DE09 /* ViewController.swift */ = {isa = PBXFileReference; lastKnownFileType = sourcecode.swift; path = ViewController.swift; sourceTree = "<group>"; };
		12418D1A251443F10045DE09 /* Base */ = {isa = PBXFileReference; lastKnownFileType = file.storyboard; name = Base; path = Base.lproj/Main.storyboard; sourceTree = "<group>"; };
		12418D1C251443F40045DE09 /* Assets.xcassets */ = {isa = PBXFileReference; lastKnownFileType = folder.assetcatalog; path = Assets.xcassets; sourceTree = "<group>"; };
		12418D1F251443F40045DE09 /* Base */ = {isa = PBXFileReference; lastKnownFileType = file.storyboard; name = Base; path = Base.lproj/LaunchScreen.storyboard; sourceTree = "<group>"; };
		12418D21251443F40045DE09 /* Info.plist */ = {isa = PBXFileReference; lastKnownFileType = text.plist.xml; path = Info.plist; sourceTree = "<group>"; };
		12418D26251443F40045DE09 /* NIBM COVID 19Tests.xctest */ = {isa = PBXFileReference; explicitFileType = wrapper.cfbundle; includeInIndex = 0; path = "NIBM COVID 19Tests.xctest"; sourceTree = BUILT_PRODUCTS_DIR; };
		12418D2A251443F40045DE09 /* NIBM_COVID_19Tests.swift */ = {isa = PBXFileReference; lastKnownFileType = sourcecode.swift; path = NIBM_COVID_19Tests.swift; sourceTree = "<group>"; };
		12418D2C251443F40045DE09 /* Info.plist */ = {isa = PBXFileReference; lastKnownFileType = text.plist.xml; path = Info.plist; sourceTree = "<group>"; };
		12418D31251443F40045DE09 /* NIBM COVID 19UITests.xctest */ = {isa = PBXFileReference; explicitFileType = wrapper.cfbundle; includeInIndex = 0; path = "NIBM COVID 19UITests.xctest"; sourceTree = BUILT_PRODUCTS_DIR; };
		12418D35251443F40045DE09 /* NIBM_COVID_19UITests.swift */ = {isa = PBXFileReference; lastKnownFileType = sourcecode.swift; path = NIBM_COVID_19UITests.swift; sourceTree = "<group>"; };
		12418D37251443F40045DE09 /* Info.plist */ = {isa = PBXFileReference; lastKnownFileType = text.plist.xml; path = Info.plist; sourceTree = "<group>"; };
		12418D432514810B0045DE09 /* LoginViewController.swift */ = {isa = PBXFileReference; lastKnownFileType = sourcecode.swift; path = LoginViewController.swift; sourceTree = "<group>"; };
		12418D4525148CA70045DE09 /* RegisterViewController.swift */ = {isa = PBXFileReference; lastKnownFileType = sourcecode.swift; path = RegisterViewController.swift; sourceTree = "<group>"; };
		12418D472514BBC10045DE09 /* HomeViewController.swift */ = {isa = PBXFileReference; lastKnownFileType = sourcecode.swift; path = HomeViewController.swift; sourceTree = "<group>"; };
		12D98B1D2515B9B7008C6590 /* SafeActionsViewController.swift */ = {isa = PBXFileReference; lastKnownFileType = sourcecode.swift; path = SafeActionsViewController.swift; sourceTree = "<group>"; };
		12D98B1F2515C2C8008C6590 /* FirstSafeActionViewController.swift */ = {isa = PBXFileReference; lastKnownFileType = sourcecode.swift; path = FirstSafeActionViewController.swift; sourceTree = "<group>"; };
		12D98B212515C3C0008C6590 /* SecondSafeActionViewController.swift */ = {isa = PBXFileReference; lastKnownFileType = sourcecode.swift; path = SecondSafeActionViewController.swift; sourceTree = "<group>"; };
		12D98B232515C815008C6590 /* ThirdSafeActionViewController.swift */ = {isa = PBXFileReference; lastKnownFileType = sourcecode.swift; path = ThirdSafeActionViewController.swift; sourceTree = "<group>"; };
		12D98B252515C831008C6590 /* FourthSafeActionViewController.swift */ = {isa = PBXFileReference; lastKnownFileType = sourcecode.swift; path = FourthSafeActionViewController.swift; sourceTree = "<group>"; };
		12D98B272515C851008C6590 /* FifthSafeActionViewController.swift */ = {isa = PBXFileReference; lastKnownFileType = sourcecode.swift; path = FifthSafeActionViewController.swift; sourceTree = "<group>"; };
		12D98B292515D285008C6590 /* FinalViewController.swift */ = {isa = PBXFileReference; lastKnownFileType = sourcecode.swift; path = FinalViewController.swift; sourceTree = "<group>"; };
		12D98B2B2515D3DD008C6590 /* MapViewController.swift */ = {isa = PBXFileReference; lastKnownFileType = sourcecode.swift; path = MapViewController.swift; sourceTree = "<group>"; };
/* End PBXFileReference section */

/* Begin PBXFrameworksBuildPhase section */
		12418D0D251443F10045DE09 /* Frameworks */ = {
			isa = PBXFrameworksBuildPhase;
			buildActionMask = 2147483647;
			files = (
			);
			runOnlyForDeploymentPostprocessing = 0;
		};
		12418D23251443F40045DE09 /* Frameworks */ = {
			isa = PBXFrameworksBuildPhase;
			buildActionMask = 2147483647;
			files = (
			);
			runOnlyForDeploymentPostprocessing = 0;
		};
		12418D2E251443F40045DE09 /* Frameworks */ = {
			isa = PBXFrameworksBuildPhase;
			buildActionMask = 2147483647;
			files = (
			);
			runOnlyForDeploymentPostprocessing = 0;
		};
/* End PBXFrameworksBuildPhase section */

/* Begin PBXGroup section */
		12418D07251443F10045DE09 = {
			isa = PBXGroup;
			children = (
				12418D12251443F10045DE09 /* NIBM COVID 19 */,
				12418D29251443F40045DE09 /* NIBM COVID 19Tests */,
				12418D34251443F40045DE09 /* NIBM COVID 19UITests */,
				12418D11251443F10045DE09 /* Products */,
			);
			sourceTree = "<group>";
		};
		12418D11251443F10045DE09 /* Products */ = {
			isa = PBXGroup;
			children = (
				12418D10251443F10045DE09 /* NIBM COVID 19.app */,
				12418D26251443F40045DE09 /* NIBM COVID 19Tests.xctest */,
				12418D31251443F40045DE09 /* NIBM COVID 19UITests.xctest */,
			);
			name = Products;
			sourceTree = "<group>";
		};
		12418D12251443F10045DE09 /* NIBM COVID 19 */ = {
			isa = PBXGroup;
			children = (
				12418D13251443F10045DE09 /* AppDelegate.swift */,
				12418D15251443F10045DE09 /* SceneDelegate.swift */,
				12418D17251443F10045DE09 /* ViewController.swift */,
				12418D19251443F10045DE09 /* Main.storyboard */,
				12418D1C251443F40045DE09 /* Assets.xcassets */,
				12418D1E251443F40045DE09 /* LaunchScreen.storyboard */,
				12418D21251443F40045DE09 /* Info.plist */,
				12418D432514810B0045DE09 /* LoginViewController.swift */,
				12418D4525148CA70045DE09 /* RegisterViewController.swift */,
				12418D472514BBC10045DE09 /* HomeViewController.swift */,
				12D98B1D2515B9B7008C6590 /* SafeActionsViewController.swift */,
				12D98B1F2515C2C8008C6590 /* FirstSafeActionViewController.swift */,
				12D98B212515C3C0008C6590 /* SecondSafeActionViewController.swift */,
				12D98B232515C815008C6590 /* ThirdSafeActionViewController.swift */,
				12D98B252515C831008C6590 /* FourthSafeActionViewController.swift */,
				12D98B272515C851008C6590 /* FifthSafeActionViewController.swift */,
				12D98B292515D285008C6590 /* FinalViewController.swift */,
				12D98B2B2515D3DD008C6590 /* MapViewController.swift */,
			);
			path = "NIBM COVID 19";
			sourceTree = "<group>";
		};
		12418D29251443F40045DE09 /* NIBM COVID 19Tests */ = {
			isa = PBXGroup;
			children = (
				12418D2A251443F40045DE09 /* NIBM_COVID_19Tests.swift */,
				12418D2C251443F40045DE09 /* Info.plist */,
			);
			path = "NIBM COVID 19Tests";
			sourceTree = "<group>";
		};
		12418D34251443F40045DE09 /* NIBM COVID 19UITests */ = {
			isa = PBXGroup;
			children = (
				12418D35251443F40045DE09 /* NIBM_COVID_19UITests.swift */,
				12418D37251443F40045DE09 /* Info.plist */,
			);
			path = "NIBM COVID 19UITests";
			sourceTree = "<group>";
		};
/* End PBXGroup section */

/* Begin PBXNativeTarget section */
		12418D0F251443F10045DE09 /* NIBM COVID 19 */ = {
			isa = PBXNativeTarget;
			buildConfigurationList = 12418D3A251443F40045DE09 /* Build configuration list for PBXNativeTarget "NIBM COVID 19" */;
			buildPhases = (
				12418D0C251443F10045DE09 /* Sources */,
				12418D0D251443F10045DE09 /* Frameworks */,
				12418D0E251443F10045DE09 /* Resources */,
			);
			buildRules = (
			);
			dependencies = (
			);
			name = "NIBM COVID 19";
			productName = "NIBM COVID 19";
			productReference = 12418D10251443F10045DE09 /* NIBM COVID 19.app */;
			productType = "com.apple.product-type.application";
		};
		12418D25251443F40045DE09 /* NIBM COVID 19Tests */ = {
			isa = PBXNativeTarget;
			buildConfigurationList = 12418D3D251443F40045DE09 /* Build configuration list for PBXNativeTarget "NIBM COVID 19Tests" */;
			buildPhases = (
				12418D22251443F40045DE09 /* Sources */,
				12418D23251443F40045DE09 /* Frameworks */,
				12418D24251443F40045DE09 /* Resources */,
			);
			buildRules = (
			);
			dependencies = (
				12418D28251443F40045DE09 /* PBXTargetDependency */,
			);
			name = "NIBM COVID 19Tests";
			productName = "NIBM COVID 19Tests";
			productReference = 12418D26251443F40045DE09 /* NIBM COVID 19Tests.xctest */;
			productType = "com.apple.product-type.bundle.unit-test";
		};
		12418D30251443F40045DE09 /* NIBM COVID 19UITests */ = {
			isa = PBXNativeTarget;
			buildConfigurationList = 12418D40251443F40045DE09 /* Build configuration list for PBXNativeTarget "NIBM COVID 19UITests" */;
			buildPhases = (
				12418D2D251443F40045DE09 /* Sources */,
				12418D2E251443F40045DE09 /* Frameworks */,
				12418D2F251443F40045DE09 /* Resources */,
			);
			buildRules = (
			);
			dependencies = (
				12418D33251443F40045DE09 /* PBXTargetDependency */,
			);
			name = "NIBM COVID 19UITests";
			productName = "NIBM COVID 19UITests";
			productReference = 12418D31251443F40045DE09 /* NIBM COVID 19UITests.xctest */;
			productType = "com.apple.product-type.bundle.ui-testing";
		};
/* End PBXNativeTarget section */

/* Begin PBXProject section */
		12418D08251443F10045DE09 /* Project object */ = {
			isa = PBXProject;
			attributes = {
				LastSwiftUpdateCheck = 1150;
				LastUpgradeCheck = 1150;
				ORGANIZATIONNAME = lakinsha;
				TargetAttributes = {
					12418D0F251443F10045DE09 = {
						CreatedOnToolsVersion = 11.5;
					};
					12418D25251443F40045DE09 = {
						CreatedOnToolsVersion = 11.5;
						TestTargetID = 12418D0F251443F10045DE09;
					};
					12418D30251443F40045DE09 = {
						CreatedOnToolsVersion = 11.5;
						TestTargetID = 12418D0F251443F10045DE09;
					};
				};
			};
			buildConfigurationList = 12418D0B251443F10045DE09 /* Build configuration list for PBXProject "NIBM COVID 19" */;
			compatibilityVersion = "Xcode 9.3";
			developmentRegion = en;
			hasScannedForEncodings = 0;
			knownRegions = (
				en,
				Base,
			);
			mainGroup = 12418D07251443F10045DE09;
			productRefGroup = 12418D11251443F10045DE09 /* Products */;
			projectDirPath = "";
			projectRoot = "";
			targets = (
				12418D0F251443F10045DE09 /* NIBM COVID 19 */,
				12418D25251443F40045DE09 /* NIBM COVID 19Tests */,
				12418D30251443F40045DE09 /* NIBM COVID 19UITests */,
			);
		};
/* End PBXProject section */

/* Begin PBXResourcesBuildPhase section */
		12418D0E251443F10045DE09 /* Resources */ = {
			isa = PBXResourcesBuildPhase;
			buildActionMask = 2147483647;
			files = (
				12418D20251443F40045DE09 /* LaunchScreen.storyboard in Resources */,
				12418D1D251443F40045DE09 /* Assets.xcassets in Resources */,
				12418D1B251443F10045DE09 /* Main.storyboard in Resources */,
			);
			runOnlyForDeploymentPostprocessing = 0;
		};
		12418D24251443F40045DE09 /* Resources */ = {
			isa = PBXResourcesBuildPhase;
			buildActionMask = 2147483647;
			files = (
			);
			runOnlyForDeploymentPostprocessing = 0;
		};
		12418D2F251443F40045DE09 /* Resources */ = {
			isa = PBXResourcesBuildPhase;
			buildActionMask = 2147483647;
			files = (
			);
			runOnlyForDeploymentPostprocessing = 0;
		};
/* End PBXResourcesBuildPhase section */

/* Begin PBXSourcesBuildPhase section */
		12418D0C251443F10045DE09 /* Sources */ = {
			isa = PBXSourcesBuildPhase;
			buildActionMask = 2147483647;
			files = (
				12418D442514810B0045DE09 /* LoginViewController.swift in Sources */,
				12418D4625148CA70045DE09 /* RegisterViewController.swift in Sources */,
				12D98B202515C2C8008C6590 /* FirstSafeActionViewController.swift in Sources */,
				12D98B2A2515D285008C6590 /* FinalViewController.swift in Sources */,
				12D98B1E2515B9B7008C6590 /* SafeActionsViewController.swift in Sources */,
				12418D18251443F10045DE09 /* ViewController.swift in Sources */,
				12418D14251443F10045DE09 /* AppDelegate.swift in Sources */,
				12418D16251443F10045DE09 /* SceneDelegate.swift in Sources */,
				12D98B282515C851008C6590 /* FifthSafeActionViewController.swift in Sources */,
				12D98B222515C3C0008C6590 /* SecondSafeActionViewController.swift in Sources */,
				12D98B262515C831008C6590 /* FourthSafeActionViewController.swift in Sources */,
				12418D482514BBC10045DE09 /* HomeViewController.swift in Sources */,
				12D98B242515C815008C6590 /* ThirdSafeActionViewController.swift in Sources */,
				12D98B2C2515D3DD008C6590 /* MapViewController.swift in Sources */,
			);
			runOnlyForDeploymentPostprocessing = 0;
		};
		12418D22251443F40045DE09 /* Sources */ = {
			isa = PBXSourcesBuildPhase;
			buildActionMask = 2147483647;
			files = (
				12418D2B251443F40045DE09 /* NIBM_COVID_19Tests.swift in Sources */,
			);
			runOnlyForDeploymentPostprocessing = 0;
		};
		12418D2D251443F40045DE09 /* Sources */ = {
			isa = PBXSourcesBuildPhase;
			buildActionMask = 2147483647;
			files = (
				12418D36251443F40045DE09 /* NIBM_COVID_19UITests.swift in Sources */,
			);
			runOnlyForDeploymentPostprocessing = 0;
		};
/* End PBXSourcesBuildPhase section */

/* Begin PBXTargetDependency section */
		12418D28251443F40045DE09 /* PBXTargetDependency */ = {
			isa = PBXTargetDependency;
			target = 12418D0F251443F10045DE09 /* NIBM COVID 19 */;
			targetProxy = 12418D27251443F40045DE09 /* PBXContainerItemProxy */;
		};
		12418D33251443F40045DE09 /* PBXTargetDependency */ = {
			isa = PBXTargetDependency;
			target = 12418D0F251443F10045DE09 /* NIBM COVID 19 */;
			targetProxy = 12418D32251443F40045DE09 /* PBXContainerItemProxy */;
		};
/* End PBXTargetDependency section */

/* Begin PBXVariantGroup section */
		12418D19251443F10045DE09 /* Main.storyboard */ = {
			isa = PBXVariantGroup;
			children = (
				12418D1A251443F10045DE09 /* Base */,
			);
			name = Main.storyboard;
			sourceTree = "<group>";
		};
		12418D1E251443F40045DE09 /* LaunchScreen.storyboard */ = {
			isa = PBXVariantGroup;
			children = (
				12418D1F251443F40045DE09 /* Base */,
			);
			name = LaunchScreen.storyboard;
			sourceTree = "<group>";
		};
/* End PBXVariantGroup section */

/* Begin XCBuildConfiguration section */
		12418D38251443F40045DE09 /* Debug */ = {
			isa = XCBuildConfiguration;
			buildSettings = {
				ALWAYS_SEARCH_USER_PATHS = NO;
				CLANG_ANALYZER_NONNULL = YES;
				CLANG_ANALYZER_NUMBER_OBJECT_CONVERSION = YES_AGGRESSIVE;
				CLANG_CXX_LANGUAGE_STANDARD = "gnu++14";
				CLANG_CXX_LIBRARY = "libc++";
				CLANG_ENABLE_MODULES = YES;
				CLANG_ENABLE_OBJC_ARC = YES;
				CLANG_ENABLE_OBJC_WEAK = YES;
				CLANG_WARN_BLOCK_CAPTURE_AUTORELEASING = YES;
				CLANG_WARN_BOOL_CONVERSION = YES;
				CLANG_WARN_COMMA = YES;
				CLANG_WARN_CONSTANT_CONVERSION = YES;
				CLANG_WARN_DEPRECATED_OBJC_IMPLEMENTATIONS = YES;
				CLANG_WARN_DIRECT_OBJC_ISA_USAGE = YES_ERROR;
				CLANG_WARN_DOCUMENTATION_COMMENTS = YES;
				CLANG_WARN_EMPTY_BODY = YES;
				CLANG_WARN_ENUM_CONVERSION = YES;
				CLANG_WARN_INFINITE_RECURSION = YES;
				CLANG_WARN_INT_CONVERSION = YES;
				CLANG_WARN_NON_LITERAL_NULL_CONVERSION = YES;
				CLANG_WARN_OBJC_IMPLICIT_RETAIN_SELF = YES;
				CLANG_WARN_OBJC_LITERAL_CONVERSION = YES;
				CLANG_WARN_OBJC_ROOT_CLASS = YES_ERROR;
				CLANG_WARN_RANGE_LOOP_ANALYSIS = YES;
				CLANG_WARN_STRICT_PROTOTYPES = YES;
				CLANG_WARN_SUSPICIOUS_MOVE = YES;
				CLANG_WARN_UNGUARDED_AVAILABILITY = YES_AGGRESSIVE;
				CLANG_WARN_UNREACHABLE_CODE = YES;
				CLANG_WARN__DUPLICATE_METHOD_MATCH = YES;
				COPY_PHASE_STRIP = NO;
				DEBUG_INFORMATION_FORMAT = dwarf;
				ENABLE_STRICT_OBJC_MSGSEND = YES;
				ENABLE_TESTABILITY = YES;
				GCC_C_LANGUAGE_STANDARD = gnu11;
				GCC_DYNAMIC_NO_PIC = NO;
				GCC_NO_COMMON_BLOCKS = YES;
				GCC_OPTIMIZATION_LEVEL = 0;
				GCC_PREPROCESSOR_DEFINITIONS = (
					"DEBUG=1",
					"$(inherited)",
				);
				GCC_WARN_64_TO_32_BIT_CONVERSION = YES;
				GCC_WARN_ABOUT_RETURN_TYPE = YES_ERROR;
				GCC_WARN_UNDECLARED_SELECTOR = YES;
				GCC_WARN_UNINITIALIZED_AUTOS = YES_AGGRESSIVE;
				GCC_WARN_UNUSED_FUNCTION = YES;
				GCC_WARN_UNUSED_VARIABLE = YES;
				IPHONEOS_DEPLOYMENT_TARGET = 13.5;
				MTL_ENABLE_DEBUG_INFO = INCLUDE_SOURCE;
				MTL_FAST_MATH = YES;
				ONLY_ACTIVE_ARCH = YES;
				SDKROOT = iphoneos;
				SWIFT_ACTIVE_COMPILATION_CONDITIONS = DEBUG;
				SWIFT_OPTIMIZATION_LEVEL = "-Onone";
			};
			name = Debug;
		};
		12418D39251443F40045DE09 /* Release */ = {
			isa = XCBuildConfiguration;
			buildSettings = {
				ALWAYS_SEARCH_USER_PATHS = NO;
				CLANG_ANALYZER_NONNULL = YES;
				CLANG_ANALYZER_NUMBER_OBJECT_CONVERSION = YES_AGGRESSIVE;
				CLANG_CXX_LANGUAGE_STANDARD = "gnu++14";
				CLANG_CXX_LIBRARY = "libc++";
				CLANG_ENABLE_MODULES = YES;
				CLANG_ENABLE_OBJC_ARC = YES;
				CLANG_ENABLE_OBJC_WEAK = YES;
				CLANG_WARN_BLOCK_CAPTURE_AUTORELEASING = YES;
				CLANG_WARN_BOOL_CONVERSION = YES;
				CLANG_WARN_COMMA = YES;
				CLANG_WARN_CONSTANT_CONVERSION = YES;
				CLANG_WARN_DEPRECATED_OBJC_IMPLEMENTATIONS = YES;
				CLANG_WARN_DIRECT_OBJC_ISA_USAGE = YES_ERROR;
				CLANG_WARN_DOCUMENTATION_COMMENTS = YES;
				CLANG_WARN_EMPTY_BODY = YES;
				CLANG_WARN_ENUM_CONVERSION = YES;
				CLANG_WARN_INFINITE_RECURSION = YES;
				CLANG_WARN_INT_CONVERSION = YES;
				CLANG_WARN_NON_LITERAL_NULL_CONVERSION = YES;
				CLANG_WARN_OBJC_IMPLICIT_RETAIN_SELF = YES;
				CLANG_WARN_OBJC_LITERAL_CONVERSION = YES;
				CLANG_WARN_OBJC_ROOT_CLASS = YES_ERROR;
				CLANG_WARN_RANGE_LOOP_ANALYSIS = YES;
				CLANG_WARN_STRICT_PROTOTYPES = YES;
				CLANG_WARN_SUSPICIOUS_MOVE = YES;
				CLANG_WARN_UNGUARDED_AVAILABILITY = YES_AGGRESSIVE;
				CLANG_WARN_UNREACHABLE_CODE = YES;
				CLANG_WARN__DUPLICATE_METHOD_MATCH = YES;
				COPY_PHASE_STRIP = NO;
				DEBUG_INFORMATION_FORMAT = "dwarf-with-dsym";
				ENABLE_NS_ASSERTIONS = NO;
				ENABLE_STRICT_OBJC_MSGSEND = YES;
				GCC_C_LANGUAGE_STANDARD = gnu11;
				GCC_NO_COMMON_BLOCKS = YES;
				GCC_WARN_64_TO_32_BIT_CONVERSION = YES;
				GCC_WARN_ABOUT_RETURN_TYPE = YES_ERROR;
				GCC_WARN_UNDECLARED_SELECTOR = YES;
				GCC_WARN_UNINITIALIZED_AUTOS = YES_AGGRESSIVE;
				GCC_WARN_UNUSED_FUNCTION = YES;
				GCC_WARN_UNUSED_VARIABLE = YES;
				IPHONEOS_DEPLOYMENT_TARGET = 13.5;
				MTL_ENABLE_DEBUG_INFO = NO;
				MTL_FAST_MATH = YES;
				SDKROOT = iphoneos;
				SWIFT_COMPILATION_MODE = wholemodule;
				SWIFT_OPTIMIZATION_LEVEL = "-O";
				VALIDATE_PRODUCT = YES;
			};
			name = Release;
		};
		12418D3B251443F40045DE09 /* Debug */ = {
			isa = XCBuildConfiguration;
			buildSettings = {
				ASSETCATALOG_COMPILER_APPICON_NAME = AppIcon;
				CODE_SIGN_STYLE = Automatic;
				DEVELOPMENT_TEAM = QWM342XBK5;
				INFOPLIST_FILE = "NIBM COVID 19/Info.plist";
				LD_RUNPATH_SEARCH_PATHS = (
					"$(inherited)",
					"@executable_path/Frameworks",
				);
				PRODUCT_BUNDLE_IDENTIFIER = "com.nibm.NIBM-COVID-19";
				PRODUCT_NAME = "$(TARGET_NAME)";
				SWIFT_VERSION = 5.0;
				TARGETED_DEVICE_FAMILY = "1,2";
			};
			name = Debug;
		};
		12418D3C251443F40045DE09 /* Release */ = {
			isa = XCBuildConfiguration;
			buildSettings = {
				ASSETCATALOG_COMPILER_APPICON_NAME = AppIcon;
				CODE_SIGN_STYLE = Automatic;
				DEVELOPMENT_TEAM = QWM342XBK5;
				INFOPLIST_FILE = "NIBM COVID 19/Info.plist";
				LD_RUNPATH_SEARCH_PATHS = (
					"$(inherited)",
					"@executable_path/Frameworks",
				);
				PRODUCT_BUNDLE_IDENTIFIER = "com.nibm.NIBM-COVID-19";
				PRODUCT_NAME = "$(TARGET_NAME)";
				SWIFT_VERSION = 5.0;
				TARGETED_DEVICE_FAMILY = "1,2";
			};
			name = Release;
		};
		12418D3E251443F40045DE09 /* Debug */ = {
			isa = XCBuildConfiguration;
			buildSettings = {
				ALWAYS_EMBED_SWIFT_STANDARD_LIBRARIES = YES;
				BUNDLE_LOADER = "$(TEST_HOST)";
				CODE_SIGN_STYLE = Automatic;
				DEVELOPMENT_TEAM = QWM342XBK5;
				INFOPLIST_FILE = "NIBM COVID 19Tests/Info.plist";
				IPHONEOS_DEPLOYMENT_TARGET = 13.5;
				LD_RUNPATH_SEARCH_PATHS = (
					"$(inherited)",
					"@executable_path/Frameworks",
					"@loader_path/Frameworks",
				);
				PRODUCT_BUNDLE_IDENTIFIER = "com.nibm.NIBM-COVID-19Tests";
				PRODUCT_NAME = "$(TARGET_NAME)";
				SWIFT_VERSION = 5.0;
				TARGETED_DEVICE_FAMILY = "1,2";
				TEST_HOST = "$(BUILT_PRODUCTS_DIR)/NIBM COVID 19.app/NIBM COVID 19";
			};
			name = Debug;
		};
		12418D3F251443F40045DE09 /* Release */ = {
			isa = XCBuildConfiguration;
			buildSettings = {
				ALWAYS_EMBED_SWIFT_STANDARD_LIBRARIES = YES;
				BUNDLE_LOADER = "$(TEST_HOST)";
				CODE_SIGN_STYLE = Automatic;
				DEVELOPMENT_TEAM = QWM342XBK5;
				INFOPLIST_FILE = "NIBM COVID 19Tests/Info.plist";
				IPHONEOS_DEPLOYMENT_TARGET = 13.5;
				LD_RUNPATH_SEARCH_PATHS = (
					"$(inherited)",
					"@executable_path/Frameworks",
					"@loader_path/Frameworks",
				);
				PRODUCT_BUNDLE_IDENTIFIER = "com.nibm.NIBM-COVID-19Tests";
				PRODUCT_NAME = "$(TARGET_NAME)";
				SWIFT_VERSION = 5.0;
				TARGETED_DEVICE_FAMILY = "1,2";
				TEST_HOST = "$(BUILT_PRODUCTS_DIR)/NIBM COVID 19.app/NIBM COVID 19";
			};
			name = Release;
		};
		12418D41251443F40045DE09 /* Debug */ = {
			isa = XCBuildConfiguration;
			buildSettings = {
				ALWAYS_EMBED_SWIFT_STANDARD_LIBRARIES = YES;
				CODE_SIGN_STYLE = Automatic;
				DEVELOPMENT_TEAM = QWM342XBK5;
				INFOPLIST_FILE = "NIBM COVID 19UITests/Info.plist";
				LD_RUNPATH_SEARCH_PATHS = (
					"$(inherited)",
					"@executable_path/Frameworks",
					"@loader_path/Frameworks",
				);
				PRODUCT_BUNDLE_IDENTIFIER = "com.nibm.NIBM-COVID-19UITests";
				PRODUCT_NAME = "$(TARGET_NAME)";
				SWIFT_VERSION = 5.0;
				TARGETED_DEVICE_FAMILY = "1,2";
				TEST_TARGET_NAME = "NIBM COVID 19";
			};
			name = Debug;
		};
		12418D42251443F40045DE09 /* Release */ = {
			isa = XCBuildConfiguration;
			buildSettings = {
				ALWAYS_EMBED_SWIFT_STANDARD_LIBRARIES = YES;
				CODE_SIGN_STYLE = Automatic;
				DEVELOPMENT_TEAM = QWM342XBK5;
				INFOPLIST_FILE = "NIBM COVID 19UITests/Info.plist";
				LD_RUNPATH_SEARCH_PATHS = (
					"$(inherited)",
					"@executable_path/Frameworks",
					"@loader_path/Frameworks",
				);
				PRODUCT_BUNDLE_IDENTIFIER = "com.nibm.NIBM-COVID-19UITests";
				PRODUCT_NAME = "$(TARGET_NAME)";
				SWIFT_VERSION = 5.0;
				TARGETED_DEVICE_FAMILY = "1,2";
				TEST_TARGET_NAME = "NIBM COVID 19";
			};
			name = Release;
		};
/* End XCBuildConfiguration section */

/* Begin XCConfigurationList section */
		12418D0B251443F10045DE09 /* Build configuration list for PBXProject "NIBM COVID 19" */ = {
			isa = XCConfigurationList;
			buildConfigurations = (
				12418D38251443F40045DE09 /* Debug */,
				12418D39251443F40045DE09 /* Release */,
			);
			defaultConfigurationIsVisible = 0;
			defaultConfigurationName = Release;
		};
		12418D3A251443F40045DE09 /* Build configuration list for PBXNativeTarget "NIBM COVID 19" */ = {
			isa = XCConfigurationList;
			buildConfigurations = (
				12418D3B251443F40045DE09 /* Debug */,
				12418D3C251443F40045DE09 /* Release */,
			);
			defaultConfigurationIsVisible = 0;
			defaultConfigurationName = Release;
		};
		12418D3D251443F40045DE09 /* Build configuration list for PBXNativeTarget "NIBM COVID 19Tests" */ = {
			isa = XCConfigurationList;
			buildConfigurations = (
				12418D3E251443F40045DE09 /* Debug */,
				12418D3F251443F40045DE09 /* Release */,
			);
			defaultConfigurationIsVisible = 0;
			defaultConfigurationName = Release;
		};
		12418D40251443F40045DE09 /* Build configuration list for PBXNativeTarget "NIBM COVID 19UITests" */ = {
			isa = XCConfigurationList;
			buildConfigurations = (
				12418D41251443F40045DE09 /* Debug */,
				12418D42251443F40045DE09 /* Release */,
			);
			defaultConfigurationIsVisible = 0;
			defaultConfigurationName = Release;
		};
/* End XCConfigurationList section */
	};
	rootObject = 12418D08251443F10045DE09 /* Project object */;
}
